
Microsoft Visual Studio Solution File, Format Version 12.00
# Visual Studio Version 17
VisualStudioVersion = 17.5.33424.131
MinimumVisualStudioVersion = 10.0.40219.1
Project("{FAE04EC0-301F-11D3-BF4B-00C04F79EFBC}") = "AdventOfCode2023", "AdventOfCode2023.csproj", "{4970234C-B0CD-4544-A730-0F28ED487684}"
EndProject
Global
	GlobalSection(SolutionConfigurationPlatforms) = preSolution
		Debug|Any CPU = Debug|Any CPU
		Release|Any CPU = Release|Any CPU
	EndGlobalSection
	GlobalSection(ProjectConfigurationPlatforms) = postSolution
		{4970234C-B0CD-4544-A730-0F28ED487684}.Debug|Any CPU.ActiveCfg = Debug|Any CPU
		{4970234C-B0CD-4544-A730-0F28ED487684}.Debug|Any CPU.Build.0 = Debug|Any CPU
		{4970234C-B0CD-4544-A730-0F28ED487684}.Release|Any CPU.ActiveCfg = Release|Any CPU
		{4970234C-B0CD-4544-A730-0F28ED487684}.Release|Any CPU.Build.0 = Release|Any CPU
	EndGlobalSection
	GlobalSection(SolutionProperties) = preSolution
		HideSolutionNode = FALSE
	EndGlobalSection
	GlobalSection(ExtensibilityGlobals) = postSolution
		SolutionGuid = {FBBD7F68-F147-46D2-856D-9DB43112D92D}
	EndGlobalSection
EndGlobal
